// !$*UTF8*$!
{
	archiveVersion = 1;
	classes = {
	};
	objectVersion = 46;
	objects = {

/* Begin PBXBuildFile section */
		C81150369375DB8AC8050168 /* LinkedList.m in Sources */ = {isa = PBXBuildFile; fileRef = C8115BD494631A6879EFE7F5 /* LinkedList.m */; };
		C81151FE917CEC35A0991300 /* LIFOCollection.m in Sources */ = {isa = PBXBuildFile; fileRef = C81154D4CD6E688211FA9186 /* LIFOCollection.m */; };
		C811536A609111A682C3BEA0 /* main.m in Sources */ = {isa = PBXBuildFile; fileRef = C811550A3FC52E5334633AA7 /* main.m */; };
		C8115CDD9EB072D1E8DF1D38 /* Stack.m in Sources */ = {isa = PBXBuildFile; fileRef = C8115E49A2737DF7F6BBB094 /* Stack.m */; };
		C8115D49D7FD37407F600E4A /* DoublyLinkedList.m in Sources */ = {isa = PBXBuildFile; fileRef = C8115447037184E64FF70D87 /* DoublyLinkedList.m */; };
		C8115FE17199FEB181E41190 /* DataCollection.m in Sources */ = {isa = PBXBuildFile; fileRef = C8115F6B7BFDE258A82FCF6A /* DataCollection.m */; };
		C8115FEE713EE4D42F0EB1A3 /* PerformanceTimer.m in Sources */ = {isa = PBXBuildFile; fileRef = C8115CEDDE22FC107CA5FC83 /* PerformanceTimer.m */; };
/* End PBXBuildFile section */

/* Begin PBXCopyFilesBuildPhase section */
		C811538B72BB9FD47197C156 /* CopyFiles */ = {
			isa = PBXCopyFilesBuildPhase;
			buildActionMask = 2147483647;
			dstPath = /usr/share/man/man1/;
			dstSubfolderSpec = 0;
			files = (
			);
			runOnlyForDeploymentPostprocessing = 1;
		};
/* End PBXCopyFilesBuildPhase section */

/* Begin PBXFileReference section */
		C8115447037184E64FF70D87 /* DoublyLinkedList.m */ = {isa = PBXFileReference; fileEncoding = 4; lastKnownFileType = sourcecode.c.objc; path = DoublyLinkedList.m; sourceTree = "<group>"; };
		C81154B68BB5168BD0B0EE1D /* PerformanceTimer.h */ = {isa = PBXFileReference; fileEncoding = 4; lastKnownFileType = sourcecode.c.h; path = PerformanceTimer.h; sourceTree = "<group>"; };
		C81154D4CD6E688211FA9186 /* LIFOCollection.m */ = {isa = PBXFileReference; fileEncoding = 4; lastKnownFileType = sourcecode.c.objc; path = LIFOCollection.m; sourceTree = "<group>"; };
		C811550A3FC52E5334633AA7 /* main.m */ = {isa = PBXFileReference; lastKnownFileType = sourcecode.c.objc; path = main.m; sourceTree = "<group>"; };
		C8115583DB1878EFE3BE45D1 /* DataStructures */ = {isa = PBXFileReference; explicitFileType = "compiled.mach-o.executable"; includeInIndex = 0; path = DataStructures; sourceTree = BUILT_PRODUCTS_DIR; };
		C8115858374D5FF91C05EB96 /* DataCollection.h */ = {isa = PBXFileReference; fileEncoding = 4; lastKnownFileType = sourcecode.c.h; path = DataCollection.h; sourceTree = "<group>"; };
		C8115931BFD5FAFE57205C0F /* LIFOCollection.h */ = {isa = PBXFileReference; fileEncoding = 4; lastKnownFileType = sourcecode.c.h; path = LIFOCollection.h; sourceTree = "<group>"; };
		C8115AF9B921FEFAF35C2B34 /* LinkedList.h */ = {isa = PBXFileReference; fileEncoding = 4; lastKnownFileType = sourcecode.c.h; path = LinkedList.h; sourceTree = "<group>"; };
		C8115BADC006FA42AA2BE0B3 /* Stack.h */ = {isa = PBXFileReference; fileEncoding = 4; lastKnownFileType = sourcecode.c.h; path = Stack.h; sourceTree = "<group>"; };
		C8115BD494631A6879EFE7F5 /* LinkedList.m */ = {isa = PBXFileReference; fileEncoding = 4; lastKnownFileType = sourcecode.c.objc; path = LinkedList.m; sourceTree = "<group>"; };
		C8115C21DE120449DEEC0930 /* DoublyLinkedList.h */ = {isa = PBXFileReference; fileEncoding = 4; lastKnownFileType = sourcecode.c.h; path = DoublyLinkedList.h; sourceTree = "<group>"; };
		C8115CEDDE22FC107CA5FC83 /* PerformanceTimer.m */ = {isa = PBXFileReference; fileEncoding = 4; lastKnownFileType = sourcecode.c.objc; path = PerformanceTimer.m; sourceTree = "<group>"; };
		C8115E49A2737DF7F6BBB094 /* Stack.m */ = {isa = PBXFileReference; fileEncoding = 4; lastKnownFileType = sourcecode.c.objc; path = Stack.m; sourceTree = "<group>"; };
		C8115F6B7BFDE258A82FCF6A /* DataCollection.m */ = {isa = PBXFileReference; fileEncoding = 4; lastKnownFileType = sourcecode.c.objc; path = DataCollection.m; sourceTree = "<group>"; };
/* End PBXFileReference section */

/* Begin PBXFrameworksBuildPhase section */
		C811561D876B087515915B2D /* Frameworks */ = {
			isa = PBXFrameworksBuildPhase;
			buildActionMask = 2147483647;
			files = (
			);
			runOnlyForDeploymentPostprocessing = 0;
		};
/* End PBXFrameworksBuildPhase section */

/* Begin PBXGroup section */
		C811505BDB6B0B3F3C64E2F1 /* DataStructures */ = {
			isa = PBXGroup;
			children = (
				C811550A3FC52E5334633AA7 /* main.m */,
				C8115BD494631A6879EFE7F5 /* LinkedList.m */,
				C8115AF9B921FEFAF35C2B34 /* LinkedList.h */,
				C8115858374D5FF91C05EB96 /* DataCollection.h */,
				C8115F6B7BFDE258A82FCF6A /* DataCollection.m */,
				C8115CEDDE22FC107CA5FC83 /* PerformanceTimer.m */,
				C81154B68BB5168BD0B0EE1D /* PerformanceTimer.h */,
				C8115E49A2737DF7F6BBB094 /* Stack.m */,
				C8115BADC006FA42AA2BE0B3 /* Stack.h */,
				C8115931BFD5FAFE57205C0F /* LIFOCollection.h */,
				C81154D4CD6E688211FA9186 /* LIFOCollection.m */,
				C8115447037184E64FF70D87 /* DoublyLinkedList.m */,
				C8115C21DE120449DEEC0930 /* DoublyLinkedList.h */,
			);
			path = DataStructures;
			sourceTree = "<group>";
		};
		C811570447AA48DB653844CB = {
			isa = PBXGroup;
			children = (
				C8115FEEC0DA7239C19E9822 /* Products */,
				C811505BDB6B0B3F3C64E2F1 /* DataStructures */,
			);
			sourceTree = "<group>";
		};
		C8115FEEC0DA7239C19E9822 /* Products */ = {
			isa = PBXGroup;
			children = (
				C8115583DB1878EFE3BE45D1 /* DataStructures */,
			);
			name = Products;
			sourceTree = "<group>";
		};
/* End PBXGroup section */

/* Begin PBXNativeTarget section */
		C81157EDBA1D7A4917347C4C /* DataStructures */ = {
			isa = PBXNativeTarget;
			buildConfigurationList = C81151C292F16B81D70C7907 /* Build configuration list for PBXNativeTarget "DataStructures" */;
			buildPhases = (
				C8115E64D9F56E4AF386A24A /* Sources */,
				C811561D876B087515915B2D /* Frameworks */,
				C811538B72BB9FD47197C156 /* CopyFiles */,
			);
			buildRules = (
			);
			dependencies = (
			);
			name = DataStructures;
			productName = DataStructures;
			productReference = C8115583DB1878EFE3BE45D1 /* DataStructures */;
			productType = "com.apple.product-type.tool";
		};
/* End PBXNativeTarget section */

/* Begin PBXProject section */
		C81152DA0FBE52D80C04EDA3 /* Project object */ = {
			isa = PBXProject;
			attributes = {
				ORGANIZATIONNAME = Rajusa;
			};
			buildConfigurationList = C8115072C5D08F5182E66298 /* Build configuration list for PBXProject "DataStructures" */;
			compatibilityVersion = "Xcode 3.2";
			developmentRegion = English;
			hasScannedForEncodings = 0;
			knownRegions = (
				en,
			);
			mainGroup = C811570447AA48DB653844CB;
			productRefGroup = C8115FEEC0DA7239C19E9822 /* Products */;
			projectDirPath = "";
			projectRoot = "";
			targets = (
				C81157EDBA1D7A4917347C4C /* DataStructures */,
			);
		};
/* End PBXProject section */

/* Begin PBXSourcesBuildPhase section */
		C8115E64D9F56E4AF386A24A /* Sources */ = {
			isa = PBXSourcesBuildPhase;
			buildActionMask = 2147483647;
			files = (
				C811536A609111A682C3BEA0 /* main.m in Sources */,
				C81150369375DB8AC8050168 /* LinkedList.m in Sources */,
				C8115FE17199FEB181E41190 /* DataCollection.m in Sources */,
				C8115FEE713EE4D42F0EB1A3 /* PerformanceTimer.m in Sources */,
				C8115CDD9EB072D1E8DF1D38 /* Stack.m in Sources */,
				C81151FE917CEC35A0991300 /* LIFOCollection.m in Sources */,
				C8115D49D7FD37407F600E4A /* DoublyLinkedList.m in Sources */,
			);
			runOnlyForDeploymentPostprocessing = 0;
		};
/* End PBXSourcesBuildPhase section */

/* Begin XCBuildConfiguration section */
		C81155B3321CABB6CEEB16DB /* Release */ = {
			isa = XCBuildConfiguration;
			buildSettings = {
				PRODUCT_NAME = "$(TARGET_NAME)";
			};
			name = Release;
		};
		C8115886DDAD4AF47117FDB6 /* Debug */ = {
			isa = XCBuildConfiguration;
			buildSettings = {
				ALWAYS_SEARCH_USER_PATHS = NO;
				CLANG_CXX_LANGUAGE_STANDARD = "gnu++0x";
				CLANG_CXX_LIBRARY = "libc++";
				CLANG_ENABLE_MODULES = YES;
				CLANG_ENABLE_OBJC_ARC = YES;
				CLANG_WARN_BOOL_CONVERSION = YES;
				CLANG_WARN_CONSTANT_CONVERSION = YES;
				CLANG_WARN_DIRECT_OBJC_ISA_USAGE = YES_ERROR;
				CLANG_WARN_EMPTY_BODY = YES;
				CLANG_WARN_ENUM_CONVERSION = YES;
				CLANG_WARN_INT_CONVERSION = YES;
				CLANG_WARN_OBJC_ROOT_CLASS = YES_ERROR;
				CLANG_WARN_UNREACHABLE_CODE = YES;
				CLANG_WARN__DUPLICATE_METHOD_MATCH = YES;
				CODE_SIGN_IDENTITY = "-";
				COPY_PHASE_STRIP = NO;
				DEBUG_INFORMATION_FORMAT = dwarf;
				ENABLE_STRICT_OBJC_MSGSEND = YES;
				ENABLE_TESTABILITY = YES;
				GCC_C_LANGUAGE_STANDARD = gnu99;
				GCC_DYNAMIC_NO_PIC = NO;
				GCC_NO_COMMON_BLOCKS = YES;
				GCC_OPTIMIZATION_LEVEL = 0;
				GCC_PREPROCESSOR_DEFINITIONS = (
					"DEBUG=1",
					"$(inherited)",
				);
				GCC_WARN_64_TO_32_BIT_CONVERSION = YES;
				GCC_WARN_ABOUT_RETURN_TYPE = YES_ERROR;
				GCC_WARN_UNDECLARED_SELECTOR = YES;
				GCC_WARN_UNINITIALIZED_AUTOS = YES_AGGRESSIVE;
				GCC_WARN_UNUSED_FUNCTION = YES;
				GCC_WARN_UNUSED_VARIABLE = YES;
				MACOSX_DEPLOYMENT_TARGET = 10.11;
				MTL_ENABLE_DEBUG_INFO = YES;
				ONLY_ACTIVE_ARCH = YES;
				SDKROOT = macosx;
			};
			name = Debug;
		};
		C8115A8FC73E01EF37DEE8E0 /* Release */ = {
			isa = XCBuildConfiguration;
			buildSettings = {
				ALWAYS_SEARCH_USER_PATHS = NO;
				CLANG_CXX_LANGUAGE_STANDARD = "gnu++0x";
				CLANG_CXX_LIBRARY = "libc++";
				CLANG_ENABLE_MODULES = YES;
				CLANG_ENABLE_OBJC_ARC = YES;
				CLANG_WARN_BOOL_CONVERSION = YES;
				CLANG_WARN_CONSTANT_CONVERSION = YES;
				CLANG_WARN_DIRECT_OBJC_ISA_USAGE = YES_ERROR;
				CLANG_WARN_EMPTY_BODY = YES;
				CLANG_WARN_ENUM_CONVERSION = YES;
				CLANG_WARN_INT_CONVERSION = YES;
				CLANG_WARN_OBJC_ROOT_CLASS = YES_ERROR;
				CLANG_WARN_UNREACHABLE_CODE = YES;
				CLANG_WARN__DUPLICATE_METHOD_MATCH = YES;
				CODE_SIGN_IDENTITY = "-";
				COPY_PHASE_STRIP = NO;
				DEBUG_INFORMATION_FORMAT = "dwarf-with-dsym";
				ENABLE_NS_ASSERTIONS = NO;
				ENABLE_STRICT_OBJC_MSGSEND = YES;
				GCC_C_LANGUAGE_STANDARD = gnu99;
				GCC_NO_COMMON_BLOCKS = YES;
				GCC_WARN_64_TO_32_BIT_CONVERSION = YES;
				GCC_WARN_ABOUT_RETURN_TYPE = YES_ERROR;
				GCC_WARN_UNDECLARED_SELECTOR = YES;
				GCC_WARN_UNINITIALIZED_AUTOS = YES_AGGRESSIVE;
				GCC_WARN_UNUSED_FUNCTION = YES;
				GCC_WARN_UNUSED_VARIABLE = YES;
				MACOSX_DEPLOYMENT_TARGET = 10.11;
				MTL_ENABLE_DEBUG_INFO = NO;
				SDKROOT = macosx;
			};
			name = Release;
		};
		C8115EC1F1A0E9512F2C6E09 /* Debug */ = {
			isa = XCBuildConfiguration;
			buildSettings = {
				PRODUCT_NAME = "$(TARGET_NAME)";
			};
			name = Debug;
		};
/* End XCBuildConfiguration section */

/* Begin XCConfigurationList section */
		C8115072C5D08F5182E66298 /* Build configuration list for PBXProject "DataStructures" */ = {
			isa = XCConfigurationList;
			buildConfigurations = (
				C8115886DDAD4AF47117FDB6 /* Debug */,
				C8115A8FC73E01EF37DEE8E0 /* Release */,
			);
			defaultConfigurationIsVisible = 0;
			defaultConfigurationName = Release;
		};
		C81151C292F16B81D70C7907 /* Build configuration list for PBXNativeTarget "DataStructures" */ = {
			isa = XCConfigurationList;
			buildConfigurations = (
				C8115EC1F1A0E9512F2C6E09 /* Debug */,
				C81155B3321CABB6CEEB16DB /* Release */,
			);
			defaultConfigurationIsVisible = 0;
		};
/* End XCConfigurationList section */
	};
	rootObject = C81152DA0FBE52D80C04EDA3 /* Project object */;
}
